NeoBundleLock ale 3140abcd0cc681ac53d59b290c1b29f534f572fb
NeoBundleLock indentLine 80f4acdfab361407d449a3b3e12130217dd0d2a1
NeoBundleLock lightline.vim 83ae633be323a7fb5baf77e493232cf3358d02bf
NeoBundleLock neobundle.vim 1306c131ff0a6cc094b7ff0727350e442b5427f1
NeoBundleLock vim-trailing-whitespace 4c596548216b7c19971f8fc94e38ef1a2b55fee6
